
Microsoft Visual Studio Solution File, Format Version 12.00
# Visual Studio 15
VisualStudioVersion = 15.0.28307.960
MinimumVisualStudioVersion = 10.0.40219.1
Project("{FAE04EC0-301F-11D3-BF4B-00C04F79EFBC}") = "ASPNET_WEBFORM", "ASPNET_WEBFORM\ASPNET_WEBFORM.csproj", "{BDF76D86-85C4-4729-9041-4B8EF352DD74}"
EndProject
Global
	GlobalSection(SolutionConfigurationPlatforms) = preSolution
		Debug|Any CPU = Debug|Any CPU
		Release|Any CPU = Release|Any CPU
	EndGlobalSection
	GlobalSection(ProjectConfigurationPlatforms) = postSolution
		{BDF76D86-85C4-4729-9041-4B8EF352DD74}.Debug|Any CPU.ActiveCfg = Debug|Any CPU
		{BDF76D86-85C4-4729-9041-4B8EF352DD74}.Debug|Any CPU.Build.0 = Debug|Any CPU
		{BDF76D86-85C4-4729-9041-4B8EF352DD74}.Release|Any CPU.ActiveCfg = Release|Any CPU
		{BDF76D86-85C4-4729-9041-4B8EF352DD74}.Release|Any CPU.Build.0 = Release|Any CPU
	EndGlobalSection
	GlobalSection(SolutionProperties) = preSolution
		HideSolutionNode = FALSE
	EndGlobalSection
	GlobalSection(ExtensibilityGlobals) = postSolution
		SolutionGuid = {C6D9F78D-B2B7-434F-B5FF-D827E1B6A727}
	EndGlobalSection
EndGlobal
