
Microsoft Visual Studio Solution File, Format Version 12.00
# Visual Studio 15
VisualStudioVersion = 15.0.28307.960
MinimumVisualStudioVersion = 10.0.40219.1
Project("{FAE04EC0-301F-11D3-BF4B-00C04F79EFBC}") = "ASPNET_WEBFORM", "ASPNET_WEBFORM\ASPNET_WEBFORM.csproj", "{BDF76D86-85C4-4729-9041-4B8EF352DD74}"
EndProject
Project("{FAE04EC0-301F-11D3-BF4B-00C04F79EFBC}") = "SQLUtil", "SQLUtil\SQLUtil.csproj", "{CFB2F091-CD96-4F07-9EB2-BC34B303EECB}"
EndProject
Project("{2150E333-8FDC-42A3-9474-1A3956D46DE8}") = "Solution Items", "Solution Items", "{2EAEFA06-9AFB-4111-A8C9-D36956C79043}"
	ProjectSection(SolutionItems) = preProject
		..\README.md = ..\README.md
	EndProjectSection
EndProject
Project("{8BC9CEB8-8B4A-11D0-8D11-00A0C91BC942}") = "Base64", "Base64\Base64.vcxproj", "{C915FA39-229B-4CC4-BA31-7CAEC6D175D7}"
EndProject
Global
	GlobalSection(SolutionConfigurationPlatforms) = preSolution
		Debug|Any CPU = Debug|Any CPU
		Debug|x64 = Debug|x64
		Debug|x86 = Debug|x86
		Release|Any CPU = Release|Any CPU
		Release|x64 = Release|x64
		Release|x86 = Release|x86
	EndGlobalSection
	GlobalSection(ProjectConfigurationPlatforms) = postSolution
		{BDF76D86-85C4-4729-9041-4B8EF352DD74}.Debug|Any CPU.ActiveCfg = Debug|Any CPU
		{BDF76D86-85C4-4729-9041-4B8EF352DD74}.Debug|Any CPU.Build.0 = Debug|Any CPU
		{BDF76D86-85C4-4729-9041-4B8EF352DD74}.Debug|x64.ActiveCfg = Debug|Any CPU
		{BDF76D86-85C4-4729-9041-4B8EF352DD74}.Debug|x64.Build.0 = Debug|Any CPU
		{BDF76D86-85C4-4729-9041-4B8EF352DD74}.Debug|x86.ActiveCfg = Debug|Any CPU
		{BDF76D86-85C4-4729-9041-4B8EF352DD74}.Debug|x86.Build.0 = Debug|Any CPU
		{BDF76D86-85C4-4729-9041-4B8EF352DD74}.Release|Any CPU.ActiveCfg = Release|Any CPU
		{BDF76D86-85C4-4729-9041-4B8EF352DD74}.Release|Any CPU.Build.0 = Release|Any CPU
		{BDF76D86-85C4-4729-9041-4B8EF352DD74}.Release|x64.ActiveCfg = Release|Any CPU
		{BDF76D86-85C4-4729-9041-4B8EF352DD74}.Release|x64.Build.0 = Release|Any CPU
		{BDF76D86-85C4-4729-9041-4B8EF352DD74}.Release|x86.ActiveCfg = Release|Any CPU
		{BDF76D86-85C4-4729-9041-4B8EF352DD74}.Release|x86.Build.0 = Release|Any CPU
		{CFB2F091-CD96-4F07-9EB2-BC34B303EECB}.Debug|Any CPU.ActiveCfg = Debug|Any CPU
		{CFB2F091-CD96-4F07-9EB2-BC34B303EECB}.Debug|Any CPU.Build.0 = Debug|Any CPU
		{CFB2F091-CD96-4F07-9EB2-BC34B303EECB}.Debug|x64.ActiveCfg = Debug|Any CPU
		{CFB2F091-CD96-4F07-9EB2-BC34B303EECB}.Debug|x64.Build.0 = Debug|Any CPU
		{CFB2F091-CD96-4F07-9EB2-BC34B303EECB}.Debug|x86.ActiveCfg = Debug|Any CPU
		{CFB2F091-CD96-4F07-9EB2-BC34B303EECB}.Debug|x86.Build.0 = Debug|Any CPU
		{CFB2F091-CD96-4F07-9EB2-BC34B303EECB}.Release|Any CPU.ActiveCfg = Release|Any CPU
		{CFB2F091-CD96-4F07-9EB2-BC34B303EECB}.Release|Any CPU.Build.0 = Release|Any CPU
		{CFB2F091-CD96-4F07-9EB2-BC34B303EECB}.Release|x64.ActiveCfg = Release|Any CPU
		{CFB2F091-CD96-4F07-9EB2-BC34B303EECB}.Release|x64.Build.0 = Release|Any CPU
		{CFB2F091-CD96-4F07-9EB2-BC34B303EECB}.Release|x86.ActiveCfg = Release|Any CPU
		{CFB2F091-CD96-4F07-9EB2-BC34B303EECB}.Release|x86.Build.0 = Release|Any CPU
		{C915FA39-229B-4CC4-BA31-7CAEC6D175D7}.Debug|Any CPU.ActiveCfg = Debug|Win32
		{C915FA39-229B-4CC4-BA31-7CAEC6D175D7}.Debug|x64.ActiveCfg = Debug|x64
		{C915FA39-229B-4CC4-BA31-7CAEC6D175D7}.Debug|x64.Build.0 = Debug|x64
		{C915FA39-229B-4CC4-BA31-7CAEC6D175D7}.Debug|x86.ActiveCfg = Debug|Win32
		{C915FA39-229B-4CC4-BA31-7CAEC6D175D7}.Debug|x86.Build.0 = Debug|Win32
		{C915FA39-229B-4CC4-BA31-7CAEC6D175D7}.Release|Any CPU.ActiveCfg = Release|Win32
		{C915FA39-229B-4CC4-BA31-7CAEC6D175D7}.Release|x64.ActiveCfg = Release|x64
		{C915FA39-229B-4CC4-BA31-7CAEC6D175D7}.Release|x64.Build.0 = Release|x64
		{C915FA39-229B-4CC4-BA31-7CAEC6D175D7}.Release|x86.ActiveCfg = Release|Win32
		{C915FA39-229B-4CC4-BA31-7CAEC6D175D7}.Release|x86.Build.0 = Release|Win32
	EndGlobalSection
	GlobalSection(SolutionProperties) = preSolution
		HideSolutionNode = FALSE
	EndGlobalSection
	GlobalSection(ExtensibilityGlobals) = postSolution
		SolutionGuid = {C6D9F78D-B2B7-434F-B5FF-D827E1B6A727}
	EndGlobalSection
EndGlobal
